
Microsoft Visual Studio Solution File, Format Version 12.00
# Visual Studio Version 17
VisualStudioVersion = 17.1.32407.343
MinimumVisualStudioVersion = 10.0.40219.1
Project("{FAE04EC0-301F-11D3-BF4B-00C04F79EFBC}") = "ExProp", "ExProp\ExProp.csproj", "{0DDD1610-AA2A-4630-BDDA-951E74DE765B}"
EndProject
Global
	GlobalSection(SolutionConfigurationPlatforms) = preSolution
		Debug|Any CPU = Debug|Any CPU
		Release|Any CPU = Release|Any CPU
	EndGlobalSection
	GlobalSection(ProjectConfigurationPlatforms) = postSolution
		{0DDD1610-AA2A-4630-BDDA-951E74DE765B}.Debug|Any CPU.ActiveCfg = Debug|Any CPU
		{0DDD1610-AA2A-4630-BDDA-951E74DE765B}.Debug|Any CPU.Build.0 = Debug|Any CPU
		{0DDD1610-AA2A-4630-BDDA-951E74DE765B}.Release|Any CPU.ActiveCfg = Release|Any CPU
		{0DDD1610-AA2A-4630-BDDA-951E74DE765B}.Release|Any CPU.Build.0 = Release|Any CPU
	EndGlobalSection
	GlobalSection(SolutionProperties) = preSolution
		HideSolutionNode = FALSE
	EndGlobalSection
	GlobalSection(ExtensibilityGlobals) = postSolution
		SolutionGuid = {A2310641-F3A4-413F-B997-30012B7A6AB9}
	EndGlobalSection
EndGlobal
